{
  "version": 4,
  "terraform_version": "1.1.3",
  "serial": 68,
  "lineage": "7ddf0b8a-c26d-b3b5-bc35-15c044431f27",
  "outputs": {},
  "resources": [
    {
      "mode": "data",
      "type": "github_repository",
      "name": "guild_operations",
      "provider": "provider[\"registry.terraform.io/integrations/github\"]",
      "instances": [
        {
          "schema_version": 0,
          "attributes": {
            "allow_auto_merge": false,
            "allow_merge_commit": true,
            "allow_rebase_merge": true,
            "allow_squash_merge": true,
            "archived": false,
            "branches": [
              {
                "name": "main",
                "protected": true
              }
            ],
            "default_branch": "main",
            "description": "ItGuild Operations",
            "full_name": "ItGuildUa/itguild-operations",
            "git_clone_url": "git://github.com/ItGuildUa/itguild-operations.git",
            "has_downloads": true,
            "has_issues": true,
            "has_projects": false,
            "has_wiki": true,
            "homepage_url": "",
            "html_url": "https://github.com/ItGuildUa/itguild-operations",
            "http_clone_url": "https://github.com/ItGuildUa/itguild-operations.git",
            "id": "itguild-operations",
            "name": "itguild-operations",
            "node_id": "R_kgDOGpUMow",
            "pages": [],
            "private": false,
            "repo_id": 445975715,
            "ssh_clone_url": "git@github.com:ItGuildUa/itguild-operations.git",
            "svn_url": "https://github.com/ItGuildUa/itguild-operations",
            "topics": [],
            "visibility": "public"
          },
          "sensitive_attributes": []
        }
      ]
    },
    {
      "mode": "data",
      "type": "github_user",
      "name": "maintainers",
      "provider": "provider[\"registry.terraform.io/integrations/github\"]",
      "instances": [
        {
          "index_key": 0,
          "schema_version": 0,
          "attributes": {
            "avatar_url": "https://avatars.githubusercontent.com/u/60243020?v=4",
            "bio": "",
            "blog": "",
            "company": "",
            "created_at": null,
            "email": "",
            "followers": 0,
            "following": 0,
            "gpg_keys": [],
            "gravatar_id": "",
            "id": "60243020",
            "location": "",
            "login": "tarantot",
            "name": "",
            "node_id": "MDQ6VXNlcjYwMjQzMDIw",
            "public_gists": 1,
            "public_repos": 12,
            "site_admin": false,
            "ssh_keys": [],
            "updated_at": null,
            "username": "tarantot"
          },
          "sensitive_attributes": []
        },
        {
          "index_key": 1,
          "schema_version": 0,
          "attributes": {
            "avatar_url": "https://avatars.githubusercontent.com/u/6811933?v=4",
            "bio": "",
            "blog": "",
            "company": "",
            "created_at": null,
            "email": "void.nugget@gmail.com",
            "followers": 51,
            "following": 46,
            "gpg_keys": [],
            "gravatar_id": "",
            "id": "6811933",
            "location": "Kiev",
            "login": "yuriy-yarosh",
            "name": "Yuriy Yarosh",
            "node_id": "MDQ6VXNlcjY4MTE5MzM=",
            "public_gists": 2,
            "public_repos": 2,
            "site_admin": false,
            "ssh_keys": [
              "ssh-rsa AAAAB3NzaC1yc2EAAAADAQABAAACeACfn9SrvfXAgIYFfJOKBasVy5M2mgY2BtgM3iJObUBTvMqgMwvQxQbLOI4nOoYv8TTSLy6DGyYb4lEmsQolAyx5WVFmWT7EcLI8bKx4WDVRIMfZ+rK2G+Bf1kI5SxPLzTkTY+49tmqmDXeZXRSoIPmi3bAEpsZZrSwFW8RO9ptj+oREcyWQygMZoJHLZXB4ESUUXnKOCDwFECh9dW0r4A8RDOeJfvZl0OlKQhvWPBj6DlVx3zKXe7QgQVbiL+hzDH0ovElqWCwrK/jSXuNBpMELoeaTffSJqpkm+xjhL1paDxwhxnK1Bewe1OESuQBtA/rnYQWcFg8RJKHtX0z9ecQGU9oZS33/oMi+0wlt1O1nPadCK1yQVzBGRq8KJzwcLEukmTuIaXc2Iqi6p4CQ3nkC544Ccm9PQATSkCQxrPFtpb1kSWoyRAFZLQGD06Senacqmjq+YIPfEEMhmzpMinAUrk1QiOwON2owBo5GHEnC9+8GFp2GK8SJI2Zc+n/YJEC3XvX5VM81GKv6vFHsPyhkPwIoVKQ929l3Gip+4RQzfeC4rnogO7KdF3zDjPJbwmS4Gn66rhpkGauqIzu/dMLywcrcR9uwxkPQOgJ7aWT9S/r9G6eni1ZCw+wZNvAm0yGarRxtJowwEr5ohTHuppSd8N9yJX7ED/tadW62DGW0DS+QRmond0mKWxUI7RDn7rxDWOygDP/bDm3b5XK/zrBd5NIaOTl+IcFUqiuTXfwKdKNhtJHJ6V79za0sUmxC8Ndsrr/IowkSKGSIJcdV1lvcYevUyWGMNr9s8sVwz+WGDD+GM9sIymGjuIgKcaXNaLQJV44CRf6R"
            ],
            "updated_at": null,
            "username": "yuriy-yarosh"
          },
          "sensitive_attributes": []
        }
      ]
    },
    {
      "mode": "managed",
      "type": "github_branch_protection",
      "name": "guild_operations_protection",
      "provider": "provider[\"registry.terraform.io/integrations/github\"]",
      "instances": [
        {
          "index_key": 0,
          "schema_version": 1,
          "attributes": {
            "allows_deletions": false,
            "allows_force_pushes": true,
            "enforce_admins": false,
            "id": "BPR_kwDOGpUMo84BaVLd",
            "pattern": "main",
            "push_restrictions": [],
            "repository_id": "itguild-operations",
            "require_conversation_resolution": true,
            "require_signed_commits": true,
            "required_linear_history": false,
            "required_pull_request_reviews": [],
            "required_status_checks": []
          },
          "sensitive_attributes": [],
          "private": "eyJzY2hlbWFfdmVyc2lvbiI6IjEifQ==",
          "dependencies": [
            "data.github_repository.guild_operations"
          ]
        }
      ]
    },
    {
      "mode": "managed",
      "type": "github_branch_protection",
      "name": "guild_site_protection",
      "provider": "provider[\"registry.terraform.io/integrations/github\"]",
      "instances": [
        {
          "index_key": 0,
          "schema_version": 1,
          "attributes": {
            "allows_deletions": false,
            "allows_force_pushes": false,
            "enforce_admins": true,
            "id": "BPR_kwDOGpSrh84BaVHT",
            "pattern": "main",
            "push_restrictions": [
              "MDQ6VXNlcjY4MTE5MzM=",
              "MDQ6VXNlcjYwMjQzMDIw"
            ],
            "repository_id": "itguild-site",
            "require_conversation_resolution": true,
            "require_signed_commits": true,
            "required_linear_history": false,
            "required_pull_request_reviews": [
              {
                "dismiss_stale_reviews": true,
                "dismissal_restrictions": [
                  "MDQ6VXNlcjY4MTE5MzM=",
                  "MDQ6VXNlcjYwMjQzMDIw"
                ],
                "require_code_owner_reviews": true,
                "required_approving_review_count": 2,
                "restrict_dismissals": true
              }
            ],
            "required_status_checks": [
              {
                "contexts": [],
                "strict": false
              }
            ]
          },
          "sensitive_attributes": [],
          "private": "eyJzY2hlbWFfdmVyc2lvbiI6IjEifQ==",
          "dependencies": [
            "data.github_user.maintainers",
            "github_repository.guild_site"
          ]
        }
      ]
    },
    {
      "mode": "managed",
      "type": "github_membership",
      "name": "org_membership",
      "provider": "provider[\"registry.terraform.io/integrations/github\"]",
      "instances": [
        {
          "index_key": "IgorFilippov3",
          "schema_version": 0,
          "attributes": {
            "etag": "W/\"ce3315e39c462dd0cb0c9d98f1e7422afa22816c6f19c47cb463f4a719b22f31\"",
            "id": "ItGuildUa:IgorFilippov3",
            "role": "member",
            "username": "IgorFilippov3"
          },
          "sensitive_attributes": [],
          "private": "bnVsbA=="
        },
        {
          "index_key": "alex-raiev",
          "schema_version": 0,
          "attributes": {
            "etag": "W/\"c22847ddcd9c85d0bc7c61471bf171b675ac3b80726d0bcabfcbb02f8eb2d6af\"",
            "id": "ItGuildUa:alex-raiev",
            "role": "member",
            "username": "alex-raiev"
          },
          "sensitive_attributes": [],
          "private": "bnVsbA=="
        },
        {
          "index_key": "egopher",
          "schema_version": 0,
          "attributes": {
            "etag": "W/\"573a6c231801b4739ce8b9db029845e9e9f612856f585197262d3383713853f1\"",
            "id": "ItGuildUa:egopher",
            "role": "member",
            "username": "egopher"
          },
          "sensitive_attributes": [],
          "private": "bnVsbA=="
        },
        {
          "index_key": "rozhok",
          "schema_version": 0,
          "attributes": {
            "etag": "W/\"3eed70dc106dd8cb01d686e8dcc03cdb19f7392655af35cbd39bbad150647d0a\"",
            "id": "ItGuildUa:rozhok",
            "role": "member",
            "username": "rozhok"
          },
          "sensitive_attributes": [],
          "private": "bnVsbA=="
        },
        {
          "index_key": "tarantot",
          "schema_version": 0,
          "attributes": {
            "etag": "W/\"07ca44b036b176a430e14ff31a5ff8437c202b4e70bb9419304ffb4250281fb4\"",
            "id": "ItGuildUa:tarantot",
            "role": "admin",
            "username": "tarantot"
          },
          "sensitive_attributes": [],
          "private": "bnVsbA=="
        },
        {
          "index_key": "yullifer",
          "schema_version": 0,
          "attributes": {
            "etag": "W/\"eaef1062e2e754bcfd635dd2a7b819d9d7890733fc33bce589c0c81c755629e0\"",
            "id": "ItGuildUa:yullifer",
            "role": "member",
            "username": "yullifer"
          },
          "sensitive_attributes": [],
          "private": "bnVsbA=="
        },
        {
          "index_key": "yuriy-yarosh",
          "schema_version": 0,
          "attributes": {
            "etag": "W/\"20b2c01a98f0ef8d5f9b9ff4f99bdd2e64e5bb1e991f1f40adf488b0c85cc3fb\"",
            "id": "ItGuildUa:yuriy-yarosh",
            "role": "admin",
            "username": "yuriy-yarosh"
          },
          "sensitive_attributes": [],
          "private": "bnVsbA=="
        }
      ]
    },
    {
      "mode": "managed",
      "type": "github_repository",
      "name": "guild_site",
      "provider": "provider[\"registry.terraform.io/integrations/github\"]",
      "instances": [
        {
          "schema_version": 0,
          "attributes": {
            "allow_auto_merge": false,
            "allow_merge_commit": true,
            "allow_rebase_merge": false,
            "allow_squash_merge": false,
            "archive_on_destroy": true,
            "archived": false,
            "auto_init": null,
            "branches": [
              {
                "name": "main",
                "protected": false
              }
            ],
            "default_branch": "main",
            "delete_branch_on_merge": true,
            "description": "Сайт гільдії ІТ Фахівців",
            "etag": "W/\"550b1cf32ef3e2fd9965786807966bc06e7065996bac0bce516fccb4920cd32a\"",
            "full_name": "ItGuildUa/itguild-site",
            "git_clone_url": "git://github.com/ItGuildUa/itguild-site.git",
            "gitignore_template": null,
            "has_downloads": false,
            "has_issues": false,
            "has_projects": false,
            "has_wiki": false,
            "homepage_url": "https://www.itguild.org.ua/",
            "html_url": "https://github.com/ItGuildUa/itguild-site",
            "http_clone_url": "https://github.com/ItGuildUa/itguild-site.git",
            "id": "itguild-site",
            "is_template": false,
            "license_template": "mit",
            "name": "itguild-site",
            "node_id": "R_kgDOGpSrhw",
            "pages": [],
            "private": false,
            "repo_id": 445950855,
            "ssh_clone_url": "git@github.com:ItGuildUa/itguild-site.git",
            "svn_url": "https://github.com/ItGuildUa/itguild-site",
            "template": [],
            "topics": null,
            "visibility": "public",
            "vulnerability_alerts": true
          },
          "sensitive_attributes": [],
          "private": "bnVsbA=="
        }
      ]
    },
    {
      "mode": "managed",
      "type": "github_repository",
      "name": "internal_repo",
      "provider": "provider[\"registry.terraform.io/integrations/github\"]",
      "instances": [
        {
          "schema_version": 0,
          "attributes": {
            "allow_auto_merge": false,
            "allow_merge_commit": true,
            "allow_rebase_merge": false,
            "allow_squash_merge": false,
            "archive_on_destroy": true,
            "archived": false,
            "auto_init": null,
            "branches": [
              {
                "name": "main",
                "protected": false
              }
            ],
            "default_branch": "main",
            "delete_branch_on_merge": true,
            "description": "Внутрішні проекти гільдії",
            "etag": "W/\"a945c6a485c6c91752c4839dbb10663242236728bd76193eab3f44765d0e02d3\"",
            "full_name": "ItGuildUa/itguild-internal-projects",
            "git_clone_url": "git://github.com/ItGuildUa/itguild-internal-projects.git",
            "gitignore_template": null,
            "has_downloads": false,
            "has_issues": false,
            "has_projects": false,
            "has_wiki": false,
            "homepage_url": "https://www.itguild.org.ua/",
            "html_url": "https://github.com/ItGuildUa/itguild-internal-projects",
            "http_clone_url": "https://github.com/ItGuildUa/itguild-internal-projects.git",
            "id": "itguild-internal-projects",
            "is_template": false,
            "license_template": "mit",
            "name": "itguild-internal-projects",
            "node_id": "R_kgDOGpTkZw",
            "pages": [],
            "private": true,
            "repo_id": 445965415,
            "ssh_clone_url": "git@github.com:ItGuildUa/itguild-internal-projects.git",
            "svn_url": "https://github.com/ItGuildUa/itguild-internal-projects",
            "template": [],
            "topics": [],
            "visibility": "private",
            "vulnerability_alerts": false
          },
          "sensitive_attributes": [],
          "private": "bnVsbA=="
        }
      ]
    },
    {
      "mode": "managed",
      "type": "github_team",
      "name": "private_teams",
      "provider": "provider[\"registry.terraform.io/integrations/github\"]",
      "instances": [
        {
          "index_key": "Members",
          "schema_version": 0,
          "attributes": {
            "create_default_maintainer": false,
            "description": "",
            "etag": "W/\"9d1bda73e833e56ee6c6abb22be63820f4eea4e6fb24daa74a6e19165f207259\"",
            "id": "5537461",
            "ldap_dn": "",
            "members_count": 0,
            "name": "Members",
            "node_id": "T_kwDOBPKmms4AVH61",
            "parent_team_id": null,
            "privacy": "secret",
            "slug": "members"
          },
          "sensitive_attributes": [],
          "private": "bnVsbA=="
        },
        {
          "index_key": "Operators",
          "schema_version": 0,
          "attributes": {
            "create_default_maintainer": false,
            "description": "",
            "etag": "W/\"6bf02d5c12f89fa9fe4117deb72f927df8238ede5ace468f7d09dbca032ae68f\"",
            "id": "5537462",
            "ldap_dn": "",
            "members_count": 2,
            "name": "Operators",
            "node_id": "T_kwDOBPKmms4AVH62",
            "parent_team_id": null,
            "privacy": "secret",
            "slug": "operators"
          },
          "sensitive_attributes": [],
          "private": "bnVsbA=="
        }
      ]
    },
    {
      "mode": "managed",
      "type": "github_team",
      "name": "public_teams",
      "provider": "provider[\"registry.terraform.io/integrations/github\"]",
      "instances": [
        {
          "index_key": "Editors",
          "schema_version": 0,
          "attributes": {
            "create_default_maintainer": false,
            "description": "",
            "etag": "W/\"95f94b061740600b7bd07b653d23094701d8f548e845fb5e389f6e8f85fa99fc\"",
            "id": "5537460",
            "ldap_dn": "",
            "members_count": 0,
            "name": "Editors",
            "node_id": "T_kwDOBPKmms4AVH60",
            "parent_team_id": null,
            "privacy": "closed",
            "slug": "editors"
          },
          "sensitive_attributes": [],
          "private": "bnVsbA=="
        }
      ]
    },
    {
      "mode": "managed",
      "type": "github_team_membership",
      "name": "membership",
      "provider": "provider[\"registry.terraform.io/integrations/github\"]",
      "instances": [
        {
          "index_key": 0,
          "schema_version": 0,
          "attributes": {
            "etag": "W/\"0dfe0014f5a1afdd5c515a460bb0fb12d2ae26b6dec495afe62ac25b11a2aff8\"",
            "id": "5537462:tarantot",
            "role": "maintainer",
            "team_id": "5537462",
            "username": "tarantot"
          },
          "sensitive_attributes": [],
          "private": "bnVsbA==",
          "dependencies": [
            "github_team.private_teams",
            "github_team.public_teams"
          ]
        },
        {
          "index_key": 1,
          "schema_version": 0,
          "attributes": {
            "etag": "W/\"f309632525cef0e216bf8d97026528c1b1626c6a5ed7381ca1f4e2041dd69a26\"",
            "id": "5537462:yuriy-yarosh",
            "role": "maintainer",
            "team_id": "5537462",
            "username": "yuriy-yarosh"
          },
          "sensitive_attributes": [],
          "private": "bnVsbA==",
          "dependencies": [
            "github_team.private_teams",
            "github_team.public_teams"
          ]
        }
      ]
    },
    {
      "mode": "managed",
      "type": "github_team_repository",
      "name": "guild_intrenal_contrib",
      "provider": "provider[\"registry.terraform.io/integrations/github\"]",
      "instances": [
        {
          "index_key": 0,
          "schema_version": 0,
          "attributes": {
            "etag": "W/\"030176bc4b43c615a1bd6b496749ea5e5ad5a0a6d9606393bdca787dfa18a4d4\"",
            "id": "5537461:itguild-internal-projects",
            "permission": "push",
            "repository": "itguild-internal-projects",
            "team_id": "5537461"
          },
          "sensitive_attributes": [],
          "private": "bnVsbA==",
          "dependencies": [
            "github_repository.internal_repo",
            "github_team.private_teams",
            "github_team.public_teams"
          ]
        }
      ]
    },
    {
      "mode": "managed",
      "type": "github_team_repository",
      "name": "guild_operations_contrib",
      "provider": "provider[\"registry.terraform.io/integrations/github\"]",
      "instances": [
        {
          "index_key": 0,
          "schema_version": 0,
          "attributes": {
            "etag": "W/\"26fa3b2dec3ac5cc179cfa8b8a0d80537c92c04135074b0e74b39ffb5bbfcbe6\"",
            "id": "5537462:itguild-operations",
            "permission": "push",
            "repository": "itguild-operations",
            "team_id": "5537462"
          },
          "sensitive_attributes": [],
          "private": "bnVsbA==",
          "dependencies": [
            "data.github_repository.guild_operations",
            "github_team.private_teams",
            "github_team.public_teams"
          ]
        }
      ]
    },
    {
      "mode": "managed",
      "type": "github_team_repository",
      "name": "guild_site_contrib",
      "provider": "provider[\"registry.terraform.io/integrations/github\"]",
      "instances": [
        {
          "index_key": 0,
          "schema_version": 0,
          "attributes": {
            "etag": "W/\"5072754b4899138fbfc21ea1d94d0ee9ae9bee89e313e98998dd513b0644127d\"",
            "id": "5537460:itguild-site",
            "permission": "push",
            "repository": "itguild-site",
            "team_id": "5537460"
          },
          "sensitive_attributes": [],
          "private": "bnVsbA==",
          "dependencies": [
            "github_repository.guild_site",
            "github_team.private_teams",
            "github_team.public_teams"
          ]
        }
      ]
    },
    {
      "mode": "managed",
      "type": "github_team_repository",
      "name": "guild_site_readonly",
      "provider": "provider[\"registry.terraform.io/integrations/github\"]",
      "instances": [
        {
          "index_key": 0,
          "schema_version": 0,
          "attributes": {
            "etag": "W/\"d37a1623cf0f79699e169ddf98d51a13147647b4af249c90e319913a1127fa33\"",
            "id": "5537461:itguild-site",
            "permission": "pull",
            "repository": "itguild-site",
            "team_id": "5537461"
          },
          "sensitive_attributes": [],
          "private": "bnVsbA==",
          "dependencies": [
            "github_repository.guild_site",
            "github_team.private_teams",
            "github_team.public_teams"
          ]
        }
      ]
    }
  ]
}
