{
  "version": 4,
  "terraform_version": "1.1.3",
  "serial": 52,
  "lineage": "7ddf0b8a-c26d-b3b5-bc35-15c044431f27",
  "outputs": {},
  "resources": [
    {
      "mode": "data",
      "type": "github_repository",
      "name": "guild_operations",
      "provider": "provider[\"registry.terraform.io/integrations/github\"]",
      "instances": [
        {
          "schema_version": 0,
          "attributes": {
            "allow_auto_merge": false,
            "allow_merge_commit": true,
            "allow_rebase_merge": false,
            "allow_squash_merge": true,
            "archived": false,
            "branches": [
              {
                "name": "main",
                "protected": false
              }
            ],
            "default_branch": "main",
            "description": "ItGuildUa Operations",
            "full_name": "ItGuildUa/itguild-operations",
            "git_clone_url": "git://github.com/ItGuildUa/itguild-operations.git",
            "has_downloads": true,
            "has_issues": false,
            "has_projects": false,
            "has_wiki": false,
            "homepage_url": "",
            "html_url": "https://github.com/ItGuildUa/itguild-operations",
            "http_clone_url": "https://github.com/ItGuildUa/itguild-operations.git",
            "id": "itguild-operations",
            "name": "itguild-operations",
            "node_id": "R_kgDOGpKh4w",
            "pages": [],
            "private": false,
            "repo_id": 445817315,
            "ssh_clone_url": "git@github.com:ItGuildUa/itguild-operations.git",
            "svn_url": "https://github.com/ItGuildUa/itguild-operations",
            "topics": [],
            "visibility": "public"
          },
          "sensitive_attributes": []
        }
      ]
    },
    {
      "mode": "data",
      "type": "github_user",
      "name": "maintainers",
      "provider": "provider[\"registry.terraform.io/integrations/github\"]",
      "instances": [
        {
          "index_key": 0,
          "schema_version": 0,
          "attributes": {
            "avatar_url": "https://avatars.githubusercontent.com/u/60243020?v=4",
            "bio": "",
            "blog": "",
            "company": "",
            "created_at": null,
            "email": "",
            "followers": 0,
            "following": 0,
            "gpg_keys": [],
            "gravatar_id": "",
            "id": "60243020",
            "location": "",
            "login": "tarantot",
            "name": "",
            "node_id": "MDQ6VXNlcjYwMjQzMDIw",
            "public_gists": 1,
            "public_repos": 12,
            "site_admin": false,
            "ssh_keys": [],
            "updated_at": null,
            "username": "tarantot"
          },
          "sensitive_attributes": []
        },
        {
          "index_key": 1,
          "schema_version": 0,
          "attributes": {
            "avatar_url": "https://avatars.githubusercontent.com/u/6811933?v=4",
            "bio": "",
            "blog": "",
            "company": "",
            "created_at": null,
            "email": "void.nugget@gmail.com",
            "followers": 51,
            "following": 46,
            "gpg_keys": [],
            "gravatar_id": "",
            "id": "6811933",
            "location": "Kiev",
            "login": "yuriy-yarosh",
            "name": "Yuriy Yarosh",
            "node_id": "MDQ6VXNlcjY4MTE5MzM=",
            "public_gists": 2,
            "public_repos": 2,
            "site_admin": false,
            "ssh_keys": [
              "ssh-rsa AAAAB3NzaC1yc2EAAAADAQABAAACeACfn9SrvfXAgIYFfJOKBasVy5M2mgY2BtgM3iJObUBTvMqgMwvQxQbLOI4nOoYv8TTSLy6DGyYb4lEmsQolAyx5WVFmWT7EcLI8bKx4WDVRIMfZ+rK2G+Bf1kI5SxPLzTkTY+49tmqmDXeZXRSoIPmi3bAEpsZZrSwFW8RO9ptj+oREcyWQygMZoJHLZXB4ESUUXnKOCDwFECh9dW0r4A8RDOeJfvZl0OlKQhvWPBj6DlVx3zKXe7QgQVbiL+hzDH0ovElqWCwrK/jSXuNBpMELoeaTffSJqpkm+xjhL1paDxwhxnK1Bewe1OESuQBtA/rnYQWcFg8RJKHtX0z9ecQGU9oZS33/oMi+0wlt1O1nPadCK1yQVzBGRq8KJzwcLEukmTuIaXc2Iqi6p4CQ3nkC544Ccm9PQATSkCQxrPFtpb1kSWoyRAFZLQGD06Senacqmjq+YIPfEEMhmzpMinAUrk1QiOwON2owBo5GHEnC9+8GFp2GK8SJI2Zc+n/YJEC3XvX5VM81GKv6vFHsPyhkPwIoVKQ929l3Gip+4RQzfeC4rnogO7KdF3zDjPJbwmS4Gn66rhpkGauqIzu/dMLywcrcR9uwxkPQOgJ7aWT9S/r9G6eni1ZCw+wZNvAm0yGarRxtJowwEr5ohTHuppSd8N9yJX7ED/tadW62DGW0DS+QRmond0mKWxUI7RDn7rxDWOygDP/bDm3b5XK/zrBd5NIaOTl+IcFUqiuTXfwKdKNhtJHJ6V79za0sUmxC8Ndsrr/IowkSKGSIJcdV1lvcYevUyWGMNr9s8sVwz+WGDD+GM9sIymGjuIgKcaXNaLQJV44CRf6R"
            ],
            "updated_at": null,
            "username": "yuriy-yarosh"
          },
          "sensitive_attributes": []
        }
      ]
    },
    {
      "mode": "managed",
      "type": "github_branch_protection",
      "name": "guild_site_protection",
      "provider": "provider[\"registry.terraform.io/integrations/github\"]",
      "instances": [
        {
          "index_key": 0,
          "schema_version": 1,
          "attributes": {
            "allows_deletions": false,
            "allows_force_pushes": false,
            "enforce_admins": true,
            "id": "BPR_kwDOGpSrh84BaVHT",
            "pattern": "main",
            "push_restrictions": [
              "MDQ6VXNlcjY4MTE5MzM=",
              "MDQ6VXNlcjYwMjQzMDIw"
            ],
            "repository_id": "itguild-site",
            "require_conversation_resolution": true,
            "require_signed_commits": true,
            "required_linear_history": false,
            "required_pull_request_reviews": [
              {
                "dismiss_stale_reviews": true,
                "dismissal_restrictions": [
                  "MDQ6VXNlcjY4MTE5MzM=",
                  "MDQ6VXNlcjYwMjQzMDIw"
                ],
                "require_code_owner_reviews": true,
                "required_approving_review_count": 2,
                "restrict_dismissals": true
              }
            ],
            "required_status_checks": [
              {
                "contexts": [],
                "strict": false
              }
            ]
          },
          "sensitive_attributes": [],
          "private": "eyJzY2hlbWFfdmVyc2lvbiI6IjEifQ==",
          "dependencies": [
            "data.github_user.maintainers",
            "github_repository.guild_site"
          ]
        }
      ]
    },
    {
      "mode": "managed",
      "type": "github_membership",
      "name": "org_membership",
      "provider": "provider[\"registry.terraform.io/integrations/github\"]",
      "instances": [
        {
          "index_key": "IgorFilippov3",
          "schema_version": 0,
          "attributes": {
            "etag": "W/\"74a6ce39d7d895127a35fc846595815e49bf94eb37e0676e8ca743f1884cc862\"",
            "id": "ItGuildUa:IgorFilippov3",
            "role": "member",
            "username": "IgorFilippov3"
          },
          "sensitive_attributes": [],
          "private": "bnVsbA=="
        },
        {
          "index_key": "alex-raiev",
          "schema_version": 0,
          "attributes": {
            "etag": "W/\"3055928aec09fd4b4bfe1c5d1a5bfebc78c0d1c94e15cd27d7feb1a5cbb04f13\"",
            "id": "ItGuildUa:alex-raiev",
            "role": "member",
            "username": "alex-raiev"
          },
          "sensitive_attributes": [],
          "private": "bnVsbA=="
        },
        {
          "index_key": "egopher",
          "schema_version": 0,
          "attributes": {
            "etag": "W/\"3cb95dbc7d9ea880ba539b0b47cc36d25db4a1a753235ddfb18e9d5b9221da9c\"",
            "id": "ItGuildUa:egopher",
            "role": "member",
            "username": "egopher"
          },
          "sensitive_attributes": [],
          "private": "bnVsbA=="
        },
        {
          "index_key": "rozhok",
          "schema_version": 0,
          "attributes": {
            "etag": "W/\"140cbcdb5e9382f17ceb0f905c3d09427fe9adad59a84b3092e5b29beee413fb\"",
            "id": "ItGuildUa:rozhok",
            "role": "member",
            "username": "rozhok"
          },
          "sensitive_attributes": [],
          "private": "bnVsbA=="
        },
        {
          "index_key": "tarantot",
          "schema_version": 0,
          "attributes": {
            "etag": "W/\"675e1e99cb95c5494fbcdaf29061529b2b678267978fd356c629b2d884064e3b\"",
            "id": "ItGuildUa:tarantot",
            "role": "admin",
            "username": "tarantot"
          },
          "sensitive_attributes": [],
          "private": "bnVsbA=="
        },
        {
          "index_key": "yullifer",
          "schema_version": 0,
          "attributes": {
            "etag": "W/\"e3ee29ccf2e726d1a8fe2830dc571b5462729076b74300dfc29a6012064ba804\"",
            "id": "ItGuildUa:yullifer",
            "role": "member",
            "username": "yullifer"
          },
          "sensitive_attributes": [],
          "private": "bnVsbA=="
        },
        {
          "index_key": "yuriy-yarosh",
          "schema_version": 0,
          "attributes": {
            "etag": "W/\"d72fc3449a3a4dc4a86a9a4aa613c54ec0afa2b854ec2b4fc960d431312fe8a1\"",
            "id": "ItGuildUa:yuriy-yarosh",
            "role": "admin",
            "username": "yuriy-yarosh"
          },
          "sensitive_attributes": [],
          "private": "bnVsbA=="
        }
      ]
    },
    {
      "mode": "managed",
      "type": "github_repository",
      "name": "guild_site",
      "provider": "provider[\"registry.terraform.io/integrations/github\"]",
      "instances": [
        {
          "schema_version": 0,
          "attributes": {
            "allow_auto_merge": false,
            "allow_merge_commit": true,
            "allow_rebase_merge": false,
            "allow_squash_merge": false,
            "archive_on_destroy": true,
            "archived": false,
            "auto_init": null,
            "branches": [
              {
                "name": "main",
                "protected": false
              }
            ],
            "default_branch": "main",
            "delete_branch_on_merge": true,
            "description": "Сайт гільдії ІТ Фахівців",
            "etag": "W/\"550b1cf32ef3e2fd9965786807966bc06e7065996bac0bce516fccb4920cd32a\"",
            "full_name": "ItGuildUa/itguild-site",
            "git_clone_url": "git://github.com/ItGuildUa/itguild-site.git",
            "gitignore_template": null,
            "has_downloads": false,
            "has_issues": false,
            "has_projects": false,
            "has_wiki": false,
            "homepage_url": "https://www.itguild.org.ua/",
            "html_url": "https://github.com/ItGuildUa/itguild-site",
            "http_clone_url": "https://github.com/ItGuildUa/itguild-site.git",
            "id": "itguild-site",
            "is_template": false,
            "license_template": "mit",
            "name": "itguild-site",
            "node_id": "R_kgDOGpSrhw",
            "pages": [],
            "private": false,
            "repo_id": 445950855,
            "ssh_clone_url": "git@github.com:ItGuildUa/itguild-site.git",
            "svn_url": "https://github.com/ItGuildUa/itguild-site",
            "template": [],
            "topics": null,
            "visibility": "public",
            "vulnerability_alerts": true
          },
          "sensitive_attributes": [],
          "private": "bnVsbA=="
        }
      ]
    },
    {
      "mode": "managed",
      "type": "github_repository",
      "name": "internal_repo",
      "provider": "provider[\"registry.terraform.io/integrations/github\"]",
      "instances": [
        {
          "schema_version": 0,
          "attributes": {
            "allow_auto_merge": false,
            "allow_merge_commit": true,
            "allow_rebase_merge": false,
            "allow_squash_merge": false,
            "archive_on_destroy": true,
            "archived": false,
            "auto_init": null,
            "branches": [
              {
                "name": "main",
                "protected": false
              }
            ],
            "default_branch": "main",
            "delete_branch_on_merge": true,
            "description": "Внутрішні проекти гільдії",
            "etag": "W/\"a945c6a485c6c91752c4839dbb10663242236728bd76193eab3f44765d0e02d3\"",
            "full_name": "ItGuildUa/itguild-internal-projects",
            "git_clone_url": "git://github.com/ItGuildUa/itguild-internal-projects.git",
            "gitignore_template": null,
            "has_downloads": false,
            "has_issues": false,
            "has_projects": false,
            "has_wiki": false,
            "homepage_url": "https://www.itguild.org.ua/",
            "html_url": "https://github.com/ItGuildUa/itguild-internal-projects",
            "http_clone_url": "https://github.com/ItGuildUa/itguild-internal-projects.git",
            "id": "itguild-internal-projects",
            "is_template": false,
            "license_template": "mit",
            "name": "itguild-internal-projects",
            "node_id": "R_kgDOGpTkZw",
            "pages": [],
            "private": true,
            "repo_id": 445965415,
            "ssh_clone_url": "git@github.com:ItGuildUa/itguild-internal-projects.git",
            "svn_url": "https://github.com/ItGuildUa/itguild-internal-projects",
            "template": [],
            "topics": [],
            "visibility": "private",
            "vulnerability_alerts": false
          },
          "sensitive_attributes": [],
          "private": "bnVsbA=="
        }
      ]
    },
    {
      "mode": "managed",
      "type": "github_team",
      "name": "private_teams",
      "provider": "provider[\"registry.terraform.io/integrations/github\"]",
      "instances": [
        {
          "index_key": "Members",
          "schema_version": 0,
          "attributes": {
            "create_default_maintainer": false,
            "description": "",
            "etag": "W/\"c1430f88dcdafcd879ee31233fba0f5f4ec3b8c1b436cb1ebbce99baff4073d2\"",
            "id": "5537461",
            "ldap_dn": "",
            "members_count": 0,
            "name": "Members",
            "node_id": "T_kwDOBPKmms4AVH61",
            "parent_team_id": null,
            "privacy": "secret",
            "slug": "members"
          },
          "sensitive_attributes": [],
          "private": "bnVsbA=="
        },
        {
          "index_key": "Operators",
          "schema_version": 0,
          "attributes": {
            "create_default_maintainer": false,
            "description": "",
            "etag": "W/\"66a9819b2d2a3feb2fae7790424f669e4a7cbda31cbf3d2f34b31909cebf1f70\"",
            "id": "5537462",
            "ldap_dn": "",
            "members_count": 2,
            "name": "Operators",
            "node_id": "T_kwDOBPKmms4AVH62",
            "parent_team_id": null,
            "privacy": "secret",
            "slug": "operators"
          },
          "sensitive_attributes": [],
          "private": "bnVsbA=="
        }
      ]
    },
    {
      "mode": "managed",
      "type": "github_team",
      "name": "public_teams",
      "provider": "provider[\"registry.terraform.io/integrations/github\"]",
      "instances": [
        {
          "index_key": "Editors",
          "schema_version": 0,
          "attributes": {
            "create_default_maintainer": false,
            "description": "",
            "etag": "W/\"c2091f2b5f5360ff7c7f768956862dcec8778934f9d095a67973ca7a4f4aac61\"",
            "id": "5537460",
            "ldap_dn": "",
            "members_count": 0,
            "name": "Editors",
            "node_id": "T_kwDOBPKmms4AVH60",
            "parent_team_id": null,
            "privacy": "closed",
            "slug": "editors"
          },
          "sensitive_attributes": [],
          "private": "bnVsbA=="
        }
      ]
    },
    {
      "mode": "managed",
      "type": "github_team_membership",
      "name": "membership",
      "provider": "provider[\"registry.terraform.io/integrations/github\"]",
      "instances": [
        {
          "index_key": 0,
          "schema_version": 0,
          "attributes": {
            "etag": "W/\"95847c90676c87debf918c63c20e2e74573b17597d020a1553d12844fd5d8182\"",
            "id": "5537462:tarantot",
            "role": "maintainer",
            "team_id": "5537462",
            "username": "tarantot"
          },
          "sensitive_attributes": [],
          "private": "bnVsbA==",
          "dependencies": [
            "github_team.private_teams",
            "github_team.public_teams"
          ]
        },
        {
          "index_key": 1,
          "schema_version": 0,
          "attributes": {
            "etag": "W/\"7647d9a6ab40503d0d015b7b99f69fdaeba47538fb72c8995a1c248627c6dd44\"",
            "id": "5537462:yuriy-yarosh",
            "role": "maintainer",
            "team_id": "5537462",
            "username": "yuriy-yarosh"
          },
          "sensitive_attributes": [],
          "private": "bnVsbA==",
          "dependencies": [
            "github_team.private_teams",
            "github_team.public_teams"
          ]
        }
      ]
    },
    {
      "mode": "managed",
      "type": "github_team_repository",
      "name": "guild_intrenal_contrib",
      "provider": "provider[\"registry.terraform.io/integrations/github\"]",
      "instances": [
        {
          "index_key": 0,
          "schema_version": 0,
          "attributes": {
            "etag": "W/\"6e4edc33beac364e1a787a68629c8b5c5824193a505391d58fffedd50efaef23\"",
            "id": "5537461:itguild-internal-projects",
            "permission": "push",
            "repository": "itguild-internal-projects",
            "team_id": "5537461"
          },
          "sensitive_attributes": [],
          "private": "bnVsbA==",
          "dependencies": [
            "github_repository.internal_repo",
            "github_team.private_teams",
            "github_team.public_teams"
          ]
        }
      ]
    },
    {
      "mode": "managed",
      "type": "github_team_repository",
      "name": "guild_operations_contrib",
      "provider": "provider[\"registry.terraform.io/integrations/github\"]",
      "instances": [
        {
          "index_key": 0,
          "schema_version": 0,
          "attributes": {
            "etag": "W/\"41c24696e601b1cd9ddc57c723daa50e844dcb546044815bd5da0e66a6eb9efc\"",
            "id": "5537462:itguild-operations",
            "permission": "push",
            "repository": "itguild-operations",
            "team_id": "5537462"
          },
          "sensitive_attributes": [],
          "private": "bnVsbA==",
          "dependencies": [
            "github_team.private_teams",
            "github_team.public_teams",
            "data.github_repository.guild_operations"
          ]
        }
      ]
    },
    {
      "mode": "managed",
      "type": "github_team_repository",
      "name": "guild_site_contrib",
      "provider": "provider[\"registry.terraform.io/integrations/github\"]",
      "instances": [
        {
          "index_key": 0,
          "schema_version": 0,
          "attributes": {
            "etag": "W/\"cfde4c9661dfe4b77bd8a742db146105abc5d475307a7e49c470a57fbf18f40b\"",
            "id": "5537460:itguild-site",
            "permission": "push",
            "repository": "itguild-site",
            "team_id": "5537460"
          },
          "sensitive_attributes": [],
          "private": "bnVsbA==",
          "dependencies": [
            "github_repository.guild_site",
            "github_team.private_teams",
            "github_team.public_teams"
          ]
        }
      ]
    },
    {
      "mode": "managed",
      "type": "github_team_repository",
      "name": "guild_site_readonly",
      "provider": "provider[\"registry.terraform.io/integrations/github\"]",
      "instances": [
        {
          "index_key": 0,
          "schema_version": 0,
          "attributes": {
            "etag": "W/\"ca8189da4e9321f2edb1f867240192949a70c1bb83873d1c6ebe814930814df2\"",
            "id": "5537461:itguild-site",
            "permission": "pull",
            "repository": "itguild-site",
            "team_id": "5537461"
          },
          "sensitive_attributes": [],
          "private": "bnVsbA==",
          "dependencies": [
            "github_repository.guild_site",
            "github_team.private_teams",
            "github_team.public_teams"
          ]
        }
      ]
    }
  ]
}
